{
  "version": 4,
  "terraform_version": "1.1.9",
  "serial": 256,
  "lineage": "9412fc4f-acfc-7a2a-6094-3d85db238386",
  "outputs": {
    "endpoint": {
      "value": "mysql.chjuzvlr0du6.ap-northeast-2.rds.amazonaws.com:3306",
      "type": "string"
    }
  },
  "resources": [
    {
      "mode": "data",
      "type": "aws_ami",
      "name": "ubuntu",
      "provider": "provider[\"registry.terraform.io/hashicorp/aws\"]",
      "instances": [
        {
          "schema_version": 0,
          "attributes": {
            "architecture": "x86_64",
            "arn": "arn:aws:ec2:ap-northeast-2::image/ami-00d806d1ddaa94d5f",
            "block_device_mappings": [
              {
                "device_name": "/dev/sda1",
                "ebs": {
                  "delete_on_termination": "true",
                  "encrypted": "false",
                  "iops": "0",
                  "snapshot_id": "snap-011727570ccd9a11a",
                  "throughput": "0",
                  "volume_size": "8",
                  "volume_type": "gp2"
                },
                "no_device": "",
                "virtual_name": ""
              },
              {
                "device_name": "/dev/sdb",
                "ebs": {},
                "no_device": "",
                "virtual_name": "ephemeral0"
              },
              {
                "device_name": "/dev/sdc",
                "ebs": {},
                "no_device": "",
                "virtual_name": "ephemeral1"
              }
            ],
            "boot_mode": "",
            "creation_date": "2022-04-11T14:33:49.000Z",
            "description": "Canonical, Ubuntu, 18.04 LTS, amd64 bionic image build on 2022-04-11",
            "ena_support": true,
            "executable_users": null,
            "filter": [
              {
                "name": "name",
                "values": [
                  "ubuntu/images/hvm-ssd/ubuntu-bionic-18.04-amd64-server-*"
                ]
              }
            ],
            "hypervisor": "xen",
            "id": "ami-00d806d1ddaa94d5f",
            "image_id": "ami-00d806d1ddaa94d5f",
            "image_location": "099720109477/ubuntu/images/hvm-ssd/ubuntu-bionic-18.04-amd64-server-20220411",
            "image_owner_alias": null,
            "image_type": "machine",
            "kernel_id": null,
            "most_recent": true,
            "name": "ubuntu/images/hvm-ssd/ubuntu-bionic-18.04-amd64-server-20220411",
            "name_regex": null,
            "owner_id": "099720109477",
            "owners": [
              "099720109477"
            ],
            "platform": null,
            "platform_details": "Linux/UNIX",
            "product_codes": [],
            "public": true,
            "ramdisk_id": null,
            "root_device_name": "/dev/sda1",
            "root_device_type": "ebs",
            "root_snapshot_id": "snap-011727570ccd9a11a",
            "sriov_net_support": "simple",
            "state": "available",
            "state_reason": {
              "code": "UNSET",
              "message": "UNSET"
            },
            "tags": {},
            "usage_operation": "RunInstances",
            "virtualization_type": "hvm"
          },
          "sensitive_attributes": []
        }
      ]
    },
    {
      "mode": "managed",
      "type": "aws_db_instance",
      "name": "mysql",
      "provider": "provider[\"registry.terraform.io/hashicorp/aws\"]",
      "instances": [
        {
          "schema_version": 1,
          "attributes": {
            "address": "mysql.chjuzvlr0du6.ap-northeast-2.rds.amazonaws.com",
            "allocated_storage": 20,
            "allow_major_version_upgrade": null,
            "apply_immediately": null,
            "arn": "arn:aws:rds:ap-northeast-2:756008830886:db:mysql",
            "auto_minor_version_upgrade": true,
            "availability_zone": "ap-northeast-2a",
            "backup_retention_period": 0,
            "backup_window": "15:14-15:44",
            "ca_cert_identifier": "rds-ca-2019",
            "character_set_name": "",
            "copy_tags_to_snapshot": false,
            "customer_owned_ip_enabled": false,
            "db_name": "wordpress1",
            "db_subnet_group_name": "mysql-subnet",
            "delete_automated_backups": true,
            "deletion_protection": false,
            "domain": "",
            "domain_iam_role_name": "",
            "enabled_cloudwatch_logs_exports": [],
            "endpoint": "mysql.chjuzvlr0du6.ap-northeast-2.rds.amazonaws.com:3306",
            "engine": "mysql",
            "engine_version": "5.7",
            "engine_version_actual": "5.7.37",
            "final_snapshot_identifier": null,
            "hosted_zone_id": "ZLA2NUCOLGUUR",
            "iam_database_authentication_enabled": false,
            "id": "mysql",
            "identifier": "mysql",
            "identifier_prefix": "",
            "instance_class": "db.t2.micro",
            "iops": 0,
            "kms_key_id": "",
            "latest_restorable_time": "0001-01-01T00:00:00Z",
            "license_model": "general-public-license",
            "maintenance_window": "sat:16:39-sat:17:09",
            "max_allocated_storage": 0,
            "monitoring_interval": 0,
            "monitoring_role_arn": "",
            "multi_az": false,
            "name": "wordpress1",
            "nchar_character_set_name": "",
            "option_group_name": "default:mysql-5-7",
            "parameter_group_name": "mysql-parameters",
            "password": "anwlro55",
            "performance_insights_enabled": false,
            "performance_insights_kms_key_id": "",
            "performance_insights_retention_period": 0,
            "port": 3306,
            "publicly_accessible": false,
            "replica_mode": "",
            "replicas": [],
            "replicate_source_db": "",
            "resource_id": "db-CBCW2GZXLVICE3CHWAAEQ3X3AA",
            "restore_to_point_in_time": [],
            "s3_import": [],
            "security_group_names": [],
            "skip_final_snapshot": true,
            "snapshot_identifier": null,
            "status": "available",
            "storage_encrypted": false,
            "storage_type": "gp2",
            "tags": {
              "Name": "mysql-instance"
            },
            "tags_all": {
              "Name": "mysql-instance"
            },
            "timeouts": null,
            "timezone": "",
            "username": "test",
            "vpc_security_group_ids": [
              "sg-0d5f14199ee60f714"
            ]
          },
          "sensitive_attributes": [],
          "private": "eyJlMmJmYjczMC1lY2FhLTExZTYtOGY4OC0zNDM2M2JjN2M0YzAiOnsiY3JlYXRlIjoyNDAwMDAwMDAwMDAwLCJkZWxldGUiOjM2MDAwMDAwMDAwMDAsInVwZGF0ZSI6NDgwMDAwMDAwMDAwMH0sInNjaGVtYV92ZXJzaW9uIjoiMSJ9",
          "dependencies": [
            "aws_db_parameter_group.mysql-parameters",
            "aws_db_subnet_group.mysql-subnet",
            "aws_security_group.mysql-sg",
            "aws_subnet.private-web",
            "aws_vpc.web"
          ]
        }
      ]
    },
    {
      "mode": "managed",
      "type": "aws_db_parameter_group",
      "name": "mysql-parameters",
      "provider": "provider[\"registry.terraform.io/hashicorp/aws\"]",
      "instances": [
        {
          "schema_version": 0,
          "attributes": {
            "arn": "arn:aws:rds:ap-northeast-2:756008830886:pg:mysql-parameters",
            "description": "Mysql parameter group",
            "family": "mysql5.7",
            "id": "mysql-parameters",
            "name": "mysql-parameters",
            "name_prefix": null,
            "parameter": [
              {
                "apply_method": "immediate",
                "name": "character_set_client",
                "value": "utf8"
              },
              {
                "apply_method": "immediate",
                "name": "character_set_server",
                "value": "utf8"
              }
            ],
            "tags": {},
            "tags_all": {}
          },
          "sensitive_attributes": [],
          "private": "bnVsbA=="
        }
      ]
    },
    {
      "mode": "managed",
      "type": "aws_db_security_group",
      "name": "mysql-sg",
      "provider": "provider[\"registry.terraform.io/hashicorp/aws\"]",
      "instances": [
        {
          "status": "tainted",
          "schema_version": 0,
          "attributes": {
            "arn": null,
            "description": "Managed by Terraform",
            "id": "mysql-sg",
            "ingress": [
              {
                "cidr": "10.0.0.0/16",
                "security_group_id": "",
                "security_group_name": "",
                "security_group_owner_id": ""
              }
            ],
            "name": "mysql-sg",
            "tags": null,
            "tags_all": null
          },
          "sensitive_attributes": [],
          "private": "bnVsbA=="
        }
      ]
    },
    {
      "mode": "managed",
      "type": "aws_db_subnet_group",
      "name": "mysql-subnet",
      "provider": "provider[\"registry.terraform.io/hashicorp/aws\"]",
      "instances": [
        {
          "schema_version": 0,
          "attributes": {
            "arn": "arn:aws:rds:ap-northeast-2:756008830886:subgrp:mysql-subnet",
            "description": "RDS subnet group",
            "id": "mysql-subnet",
            "name": "mysql-subnet",
            "name_prefix": null,
            "subnet_ids": [
              "subnet-08f89ae34cbb72100",
              "subnet-0b9021643068f3115"
            ],
            "tags": {},
            "tags_all": {}
          },
          "sensitive_attributes": [],
          "private": "bnVsbA==",
          "dependencies": [
            "aws_subnet.private-web",
            "aws_vpc.web"
          ]
        }
      ]
    },
    {
      "mode": "managed",
      "type": "aws_eip",
      "name": "nat",
      "provider": "provider[\"registry.terraform.io/hashicorp/aws\"]",
      "instances": [
        {
          "schema_version": 0,
          "attributes": {
            "address": null,
            "allocation_id": "eipalloc-0ceb9c1110f52ae94",
            "associate_with_private_ip": null,
            "association_id": "eipassoc-0abd0eef68e03310a",
            "carrier_ip": "",
            "customer_owned_ip": "",
            "customer_owned_ipv4_pool": "",
            "domain": "vpc",
            "id": "eipalloc-0ceb9c1110f52ae94",
            "instance": "",
            "network_border_group": "ap-northeast-2",
            "network_interface": "eni-0f39cf181c900a3df",
            "private_dns": "ip-10-0-1-4.ap-northeast-2.compute.internal",
            "private_ip": "10.0.1.4",
            "public_dns": "ec2-13-125-98-57.ap-northeast-2.compute.amazonaws.com",
            "public_ip": "13.125.98.57",
            "public_ipv4_pool": "amazon",
            "tags": {},
            "tags_all": {},
            "timeouts": null,
            "vpc": true
          },
          "sensitive_attributes": [],
          "private": "eyJlMmJmYjczMC1lY2FhLTExZTYtOGY4OC0zNDM2M2JjN2M0YzAiOnsiZGVsZXRlIjoxODAwMDAwMDAwMDAsInJlYWQiOjkwMDAwMDAwMDAwMCwidXBkYXRlIjozMDAwMDAwMDAwMDB9fQ=="
        }
      ]
    },
    {
      "mode": "managed",
      "type": "aws_instance",
      "name": "webserver",
      "provider": "provider[\"registry.terraform.io/hashicorp/aws\"]",
      "instances": [
        {
          "index_key": 0,
          "status": "tainted",
          "schema_version": 1,
          "attributes": {
            "ami": "ami-00d806d1ddaa94d5f",
            "arn": "arn:aws:ec2:ap-northeast-2:756008830886:instance/i-00624c6e10b5b6432",
            "associate_public_ip_address": true,
            "availability_zone": "ap-northeast-2a",
            "capacity_reservation_specification": [
              {
                "capacity_reservation_preference": "open",
                "capacity_reservation_target": []
              }
            ],
            "cpu_core_count": 1,
            "cpu_threads_per_core": 1,
            "credit_specification": [
              {
                "cpu_credits": "standard"
              }
            ],
            "disable_api_termination": false,
            "ebs_block_device": [],
            "ebs_optimized": false,
            "enclave_options": [
              {
                "enabled": false
              }
            ],
            "ephemeral_block_device": [],
            "get_password_data": false,
            "hibernation": false,
            "host_id": null,
            "iam_instance_profile": "",
            "id": "i-00624c6e10b5b6432",
            "instance_initiated_shutdown_behavior": "stop",
            "instance_state": "running",
            "instance_type": "t2.micro",
            "ipv6_address_count": 0,
            "ipv6_addresses": [],
            "key_name": "mykey",
            "launch_template": [],
            "maintenance_options": [
              {
                "auto_recovery": "default"
              }
            ],
            "metadata_options": [
              {
                "http_endpoint": "enabled",
                "http_put_response_hop_limit": 1,
                "http_tokens": "optional",
                "instance_metadata_tags": "disabled"
              }
            ],
            "monitoring": false,
            "network_interface": [],
            "outpost_arn": "",
            "password_data": "",
            "placement_group": "",
            "placement_partition_number": null,
            "primary_network_interface_id": "eni-088004db6d2e74d4e",
            "private_dns": "ip-10-0-1-239.ap-northeast-2.compute.internal",
            "private_ip": "10.0.1.239",
            "public_dns": "ec2-3-35-238-194.ap-northeast-2.compute.amazonaws.com",
            "public_ip": "3.35.238.194",
            "root_block_device": [
              {
                "delete_on_termination": true,
                "device_name": "/dev/sda1",
                "encrypted": false,
                "iops": 100,
                "kms_key_id": "",
                "tags": {},
                "throughput": 0,
                "volume_id": "vol-0e14929ffb1200d0e",
                "volume_size": 8,
                "volume_type": "gp2"
              }
            ],
            "secondary_private_ips": [],
            "security_groups": [],
            "source_dest_check": true,
            "subnet_id": "subnet-0b6719b7c839b983e",
            "tags": {
              "Name": "public-web-1"
            },
            "tags_all": {
              "Name": "public-web-1"
            },
            "tenancy": "default",
            "timeouts": null,
            "user_data": null,
            "user_data_base64": null,
            "user_data_replace_on_change": false,
            "volume_tags": null,
            "vpc_security_group_ids": [
              "sg-0de17528936fb979e"
            ]
          },
          "sensitive_attributes": [],
          "private": "eyJlMmJmYjczMC1lY2FhLTExZTYtOGY4OC0zNDM2M2JjN2M0YzAiOnsiY3JlYXRlIjo2MDAwMDAwMDAwMDAsImRlbGV0ZSI6MTIwMDAwMDAwMDAwMCwidXBkYXRlIjo2MDAwMDAwMDAwMDB9LCJzY2hlbWFfdmVyc2lvbiI6IjEifQ==",
          "dependencies": [
            "aws_db_instance.mysql",
            "aws_db_parameter_group.mysql-parameters",
            "aws_db_subnet_group.mysql-subnet",
            "aws_key_pair.mykeypair",
            "aws_security_group.mysql-sg",
            "aws_security_group.web-sg",
            "aws_subnet.private-web",
            "aws_subnet.public-web",
            "aws_vpc.web",
            "data.aws_ami.ubuntu"
          ]
        },
        {
          "index_key": 1,
          "status": "tainted",
          "schema_version": 1,
          "attributes": {
            "ami": "ami-00d806d1ddaa94d5f",
            "arn": "arn:aws:ec2:ap-northeast-2:756008830886:instance/i-0b86699292e47082e",
            "associate_public_ip_address": true,
            "availability_zone": "ap-northeast-2c",
            "capacity_reservation_specification": [
              {
                "capacity_reservation_preference": "open",
                "capacity_reservation_target": []
              }
            ],
            "cpu_core_count": 1,
            "cpu_threads_per_core": 1,
            "credit_specification": [
              {
                "cpu_credits": "standard"
              }
            ],
            "disable_api_termination": false,
            "ebs_block_device": [],
            "ebs_optimized": false,
            "enclave_options": [
              {
                "enabled": false
              }
            ],
            "ephemeral_block_device": [],
            "get_password_data": false,
            "hibernation": false,
            "host_id": null,
            "iam_instance_profile": "",
            "id": "i-0b86699292e47082e",
            "instance_initiated_shutdown_behavior": "stop",
            "instance_state": "running",
            "instance_type": "t2.micro",
            "ipv6_address_count": 0,
            "ipv6_addresses": [],
            "key_name": "mykey",
            "launch_template": [],
            "maintenance_options": [
              {
                "auto_recovery": "default"
              }
            ],
            "metadata_options": [
              {
                "http_endpoint": "enabled",
                "http_put_response_hop_limit": 1,
                "http_tokens": "optional",
                "instance_metadata_tags": "disabled"
              }
            ],
            "monitoring": false,
            "network_interface": [],
            "outpost_arn": "",
            "password_data": "",
            "placement_group": "",
            "placement_partition_number": null,
            "primary_network_interface_id": "eni-03d00dfc662441559",
            "private_dns": "ip-10-0-2-9.ap-northeast-2.compute.internal",
            "private_ip": "10.0.2.9",
            "public_dns": "ec2-3-35-233-132.ap-northeast-2.compute.amazonaws.com",
            "public_ip": "3.35.233.132",
            "root_block_device": [
              {
                "delete_on_termination": true,
                "device_name": "/dev/sda1",
                "encrypted": false,
                "iops": 100,
                "kms_key_id": "",
                "tags": {},
                "throughput": 0,
                "volume_id": "vol-00c687320dcaacbd2",
                "volume_size": 8,
                "volume_type": "gp2"
              }
            ],
            "secondary_private_ips": [],
            "security_groups": [],
            "source_dest_check": true,
            "subnet_id": "subnet-0d4f52c5a90e5d0e6",
            "tags": {
              "Name": "public-web-2"
            },
            "tags_all": {
              "Name": "public-web-2"
            },
            "tenancy": "default",
            "timeouts": null,
            "user_data": null,
            "user_data_base64": null,
            "user_data_replace_on_change": false,
            "volume_tags": null,
            "vpc_security_group_ids": [
              "sg-0de17528936fb979e"
            ]
          },
          "sensitive_attributes": [],
          "private": "eyJlMmJmYjczMC1lY2FhLTExZTYtOGY4OC0zNDM2M2JjN2M0YzAiOnsiY3JlYXRlIjo2MDAwMDAwMDAwMDAsImRlbGV0ZSI6MTIwMDAwMDAwMDAwMCwidXBkYXRlIjo2MDAwMDAwMDAwMDB9LCJzY2hlbWFfdmVyc2lvbiI6IjEifQ==",
          "dependencies": [
            "aws_db_instance.mysql",
            "aws_db_parameter_group.mysql-parameters",
            "aws_db_subnet_group.mysql-subnet",
            "aws_key_pair.mykeypair",
            "aws_security_group.mysql-sg",
            "aws_security_group.web-sg",
            "aws_subnet.private-web",
            "aws_subnet.public-web",
            "aws_vpc.web",
            "data.aws_ami.ubuntu"
          ]
        },
        {
          "index_key": 2,
          "status": "tainted",
          "schema_version": 1,
          "attributes": {
            "ami": "ami-00d806d1ddaa94d5f",
            "arn": "arn:aws:ec2:ap-northeast-2:756008830886:instance/i-0ee5ba244ff331443",
            "associate_public_ip_address": true,
            "availability_zone": "ap-northeast-2a",
            "capacity_reservation_specification": [
              {
                "capacity_reservation_preference": "open",
                "capacity_reservation_target": []
              }
            ],
            "cpu_core_count": 1,
            "cpu_threads_per_core": 1,
            "credit_specification": [
              {
                "cpu_credits": "standard"
              }
            ],
            "disable_api_termination": false,
            "ebs_block_device": [],
            "ebs_optimized": false,
            "enclave_options": [
              {
                "enabled": false
              }
            ],
            "ephemeral_block_device": [],
            "get_password_data": false,
            "hibernation": false,
            "host_id": null,
            "iam_instance_profile": "",
            "id": "i-0ee5ba244ff331443",
            "instance_initiated_shutdown_behavior": "stop",
            "instance_state": "running",
            "instance_type": "t2.micro",
            "ipv6_address_count": 0,
            "ipv6_addresses": [],
            "key_name": "mykey",
            "launch_template": [],
            "maintenance_options": [
              {
                "auto_recovery": "default"
              }
            ],
            "metadata_options": [
              {
                "http_endpoint": "enabled",
                "http_put_response_hop_limit": 1,
                "http_tokens": "optional",
                "instance_metadata_tags": "disabled"
              }
            ],
            "monitoring": false,
            "network_interface": [],
            "outpost_arn": "",
            "password_data": "",
            "placement_group": "",
            "placement_partition_number": null,
            "primary_network_interface_id": "eni-006f3e4b638a25a4f",
            "private_dns": "ip-10-0-1-139.ap-northeast-2.compute.internal",
            "private_ip": "10.0.1.139",
            "public_dns": "ec2-3-36-106-132.ap-northeast-2.compute.amazonaws.com",
            "public_ip": "3.36.106.132",
            "root_block_device": [
              {
                "delete_on_termination": true,
                "device_name": "/dev/sda1",
                "encrypted": false,
                "iops": 100,
                "kms_key_id": "",
                "tags": {},
                "throughput": 0,
                "volume_id": "vol-08e1f481bcbd3d2ae",
                "volume_size": 8,
                "volume_type": "gp2"
              }
            ],
            "secondary_private_ips": [],
            "security_groups": [],
            "source_dest_check": true,
            "subnet_id": "subnet-0b6719b7c839b983e",
            "tags": {
              "Name": "public-web-3"
            },
            "tags_all": {
              "Name": "public-web-3"
            },
            "tenancy": "default",
            "timeouts": null,
            "user_data": null,
            "user_data_base64": null,
            "user_data_replace_on_change": false,
            "volume_tags": null,
            "vpc_security_group_ids": [
              "sg-0de17528936fb979e"
            ]
          },
          "sensitive_attributes": [],
          "private": "eyJlMmJmYjczMC1lY2FhLTExZTYtOGY4OC0zNDM2M2JjN2M0YzAiOnsiY3JlYXRlIjo2MDAwMDAwMDAwMDAsImRlbGV0ZSI6MTIwMDAwMDAwMDAwMCwidXBkYXRlIjo2MDAwMDAwMDAwMDB9LCJzY2hlbWFfdmVyc2lvbiI6IjEifQ==",
          "dependencies": [
            "aws_db_instance.mysql",
            "aws_db_parameter_group.mysql-parameters",
            "aws_db_subnet_group.mysql-subnet",
            "aws_key_pair.mykeypair",
            "aws_security_group.mysql-sg",
            "aws_security_group.web-sg",
            "aws_subnet.private-web",
            "aws_subnet.public-web",
            "aws_vpc.web",
            "data.aws_ami.ubuntu"
          ]
        }
      ]
    },
    {
      "mode": "managed",
      "type": "aws_internet_gateway",
      "name": "web-gw",
      "provider": "provider[\"registry.terraform.io/hashicorp/aws\"]",
      "instances": [
        {
          "schema_version": 0,
          "attributes": {
            "arn": "arn:aws:ec2:ap-northeast-2:756008830886:internet-gateway/igw-0b4b2275be53609e0",
            "id": "igw-0b4b2275be53609e0",
            "owner_id": "756008830886",
            "tags": {
              "Name": "web-gw"
            },
            "tags_all": {
              "Name": "web-gw"
            },
            "vpc_id": "vpc-0c0409404b4662db7"
          },
          "sensitive_attributes": [],
          "private": "bnVsbA==",
          "dependencies": [
            "aws_vpc.web"
          ]
        }
      ]
    },
    {
      "mode": "managed",
      "type": "aws_key_pair",
      "name": "mykeypair",
      "provider": "provider[\"registry.terraform.io/hashicorp/aws\"]",
      "instances": [
        {
          "schema_version": 1,
          "attributes": {
            "arn": "arn:aws:ec2:ap-northeast-2:756008830886:key-pair/mykey",
            "fingerprint": "46:74:45:28:49:18:5d:b1:fa:d0:3c:6f:80:14:55:69",
            "id": "mykey",
            "key_name": "mykey",
            "key_name_prefix": "",
            "key_pair_id": "key-09c9dbc23a4794e93",
            "public_key": "ssh-rsa AAAAB3NzaC1yc2EAAAADAQABAAABAQC9ksD/zDZoFzUq5u1bCIU12WrkL9MMeS83GEdvLCxXYyCwQLtfmD6k9G0LWOHsXBnzsBV+13HuxB52dqKEa75FeP6jP3ElH7PW5dkfux88Z7zIRhJl3buRURuLxWbgnmMGy7iFKAXgtYkghh9KrO7nqaaLMXr1+mKPymIfPB8m63tihW2mDMtfareZLLRdq4UCWGcUu0hcgk/OnPEMzZZrRr7TN9yxtQI1MCpdZ4Y0SDrzAxvEBVht0tLy3DlVg2J/fzt0rKqR91Q9wTi4T3O+LtzAiAI6W6j7xU1zAYpKvez85TJbX+nndQlVql54NmF4Z0M2qaJtZ3iUjz5UMS4P vagrant@ansi-master1",
            "tags": {},
            "tags_all": {}
          },
          "sensitive_attributes": [],
          "private": "eyJzY2hlbWFfdmVyc2lvbiI6IjEifQ=="
        }
      ]
    },
    {
      "mode": "managed",
      "type": "aws_nat_gateway",
      "name": "nat-gw",
      "provider": "provider[\"registry.terraform.io/hashicorp/aws\"]",
      "instances": [
        {
          "schema_version": 0,
          "attributes": {
            "allocation_id": "eipalloc-0ceb9c1110f52ae94",
            "connectivity_type": "public",
            "id": "nat-0bae290446088ff57",
            "network_interface_id": "eni-0f39cf181c900a3df",
            "private_ip": "10.0.1.4",
            "public_ip": "13.125.98.57",
            "subnet_id": "subnet-0b6719b7c839b983e",
            "tags": {},
            "tags_all": {}
          },
          "sensitive_attributes": [],
          "private": "bnVsbA==",
          "dependencies": [
            "aws_eip.nat",
            "aws_internet_gateway.web-gw",
            "aws_subnet.public-web",
            "aws_vpc.web"
          ]
        }
      ]
    },
    {
      "mode": "managed",
      "type": "aws_route_table",
      "name": "public-web",
      "provider": "provider[\"registry.terraform.io/hashicorp/aws\"]",
      "instances": [
        {
          "schema_version": 0,
          "attributes": {
            "arn": "arn:aws:ec2:ap-northeast-2:756008830886:route-table/rtb-0c8ebaec8147d6131",
            "id": "rtb-0c8ebaec8147d6131",
            "owner_id": "756008830886",
            "propagating_vgws": [],
            "route": [
              {
                "carrier_gateway_id": "",
                "cidr_block": "0.0.0.0/0",
                "core_network_arn": "",
                "destination_prefix_list_id": "",
                "egress_only_gateway_id": "",
                "gateway_id": "igw-0b4b2275be53609e0",
                "instance_id": "",
                "ipv6_cidr_block": "",
                "local_gateway_id": "",
                "nat_gateway_id": "",
                "network_interface_id": "",
                "transit_gateway_id": "",
                "vpc_endpoint_id": "",
                "vpc_peering_connection_id": ""
              }
            ],
            "tags": {
              "Name": "public-web-rt"
            },
            "tags_all": {
              "Name": "public-web-rt"
            },
            "timeouts": null,
            "vpc_id": "vpc-0c0409404b4662db7"
          },
          "sensitive_attributes": [],
          "private": "eyJlMmJmYjczMC1lY2FhLTExZTYtOGY4OC0zNDM2M2JjN2M0YzAiOnsiY3JlYXRlIjozMDAwMDAwMDAwMDAsImRlbGV0ZSI6MzAwMDAwMDAwMDAwLCJ1cGRhdGUiOjEyMDAwMDAwMDAwMH19",
          "dependencies": [
            "aws_internet_gateway.web-gw",
            "aws_vpc.web"
          ]
        }
      ]
    },
    {
      "mode": "managed",
      "type": "aws_route_table",
      "name": "web-private",
      "provider": "provider[\"registry.terraform.io/hashicorp/aws\"]",
      "instances": [
        {
          "schema_version": 0,
          "attributes": {
            "arn": "arn:aws:ec2:ap-northeast-2:756008830886:route-table/rtb-00925098079f00bdf",
            "id": "rtb-00925098079f00bdf",
            "owner_id": "756008830886",
            "propagating_vgws": [],
            "route": [
              {
                "carrier_gateway_id": "",
                "cidr_block": "0.0.0.0/0",
                "core_network_arn": "",
                "destination_prefix_list_id": "",
                "egress_only_gateway_id": "",
                "gateway_id": "",
                "instance_id": "",
                "ipv6_cidr_block": "",
                "local_gateway_id": "",
                "nat_gateway_id": "nat-0bae290446088ff57",
                "network_interface_id": "",
                "transit_gateway_id": "",
                "vpc_endpoint_id": "",
                "vpc_peering_connection_id": ""
              }
            ],
            "tags": {
              "Name": "web-private"
            },
            "tags_all": {
              "Name": "web-private"
            },
            "timeouts": null,
            "vpc_id": "vpc-0c0409404b4662db7"
          },
          "sensitive_attributes": [],
          "private": "eyJlMmJmYjczMC1lY2FhLTExZTYtOGY4OC0zNDM2M2JjN2M0YzAiOnsiY3JlYXRlIjozMDAwMDAwMDAwMDAsImRlbGV0ZSI6MzAwMDAwMDAwMDAwLCJ1cGRhdGUiOjEyMDAwMDAwMDAwMH19",
          "dependencies": [
            "aws_eip.nat",
            "aws_internet_gateway.web-gw",
            "aws_nat_gateway.nat-gw",
            "aws_subnet.public-web",
            "aws_vpc.web"
          ]
        }
      ]
    },
    {
      "mode": "managed",
      "type": "aws_route_table_association",
      "name": "public-web",
      "provider": "provider[\"registry.terraform.io/hashicorp/aws\"]",
      "instances": [
        {
          "index_key": 0,
          "schema_version": 0,
          "attributes": {
            "gateway_id": "",
            "id": "rtbassoc-088cde9431586ed9d",
            "route_table_id": "rtb-0c8ebaec8147d6131",
            "subnet_id": "subnet-0b6719b7c839b983e"
          },
          "sensitive_attributes": [],
          "private": "bnVsbA==",
          "dependencies": [
            "aws_internet_gateway.web-gw",
            "aws_route_table.public-web",
            "aws_subnet.public-web",
            "aws_vpc.web"
          ]
        },
        {
          "index_key": 1,
          "schema_version": 0,
          "attributes": {
            "gateway_id": "",
            "id": "rtbassoc-0a5206a6fd2c06d30",
            "route_table_id": "rtb-0c8ebaec8147d6131",
            "subnet_id": "subnet-0d4f52c5a90e5d0e6"
          },
          "sensitive_attributes": [],
          "private": "bnVsbA==",
          "dependencies": [
            "aws_internet_gateway.web-gw",
            "aws_route_table.public-web",
            "aws_subnet.public-web",
            "aws_vpc.web"
          ]
        }
      ]
    },
    {
      "mode": "managed",
      "type": "aws_route_table_association",
      "name": "web-private",
      "provider": "provider[\"registry.terraform.io/hashicorp/aws\"]",
      "instances": [
        {
          "index_key": 0,
          "schema_version": 0,
          "attributes": {
            "gateway_id": "",
            "id": "rtbassoc-0195603e9b7ed04bc",
            "route_table_id": "rtb-00925098079f00bdf",
            "subnet_id": "subnet-08f89ae34cbb72100"
          },
          "sensitive_attributes": [],
          "private": "bnVsbA==",
          "dependencies": [
            "aws_eip.nat",
            "aws_internet_gateway.web-gw",
            "aws_nat_gateway.nat-gw",
            "aws_route_table.web-private",
            "aws_subnet.private-web",
            "aws_subnet.public-web",
            "aws_vpc.web"
          ]
        },
        {
          "index_key": 1,
          "schema_version": 0,
          "attributes": {
            "gateway_id": "",
            "id": "rtbassoc-0ee57d77af917be85",
            "route_table_id": "rtb-00925098079f00bdf",
            "subnet_id": "subnet-0b9021643068f3115"
          },
          "sensitive_attributes": [],
          "private": "bnVsbA==",
          "dependencies": [
            "aws_eip.nat",
            "aws_internet_gateway.web-gw",
            "aws_nat_gateway.nat-gw",
            "aws_route_table.web-private",
            "aws_subnet.private-web",
            "aws_subnet.public-web",
            "aws_vpc.web"
          ]
        }
      ]
    },
    {
      "mode": "managed",
      "type": "aws_security_group",
      "name": "mysql-sg",
      "provider": "provider[\"registry.terraform.io/hashicorp/aws\"]",
      "instances": [
        {
          "schema_version": 1,
          "attributes": {
            "arn": "arn:aws:ec2:ap-northeast-2:756008830886:security-group/sg-0d5f14199ee60f714",
            "description": "security group that allows mysql and all egress traffic",
            "egress": [
              {
                "cidr_blocks": [
                  "0.0.0.0/0"
                ],
                "description": "",
                "from_port": 0,
                "ipv6_cidr_blocks": [],
                "prefix_list_ids": [],
                "protocol": "-1",
                "security_groups": [],
                "self": false,
                "to_port": 0
              }
            ],
            "id": "sg-0d5f14199ee60f714",
            "ingress": [
              {
                "cidr_blocks": [
                  "10.0.0.0/16"
                ],
                "description": "",
                "from_port": 3306,
                "ipv6_cidr_blocks": [],
                "prefix_list_ids": [],
                "protocol": "tcp",
                "security_groups": [],
                "self": false,
                "to_port": 3306
              }
            ],
            "name": "allow-mysql",
            "name_prefix": "",
            "owner_id": "756008830886",
            "revoke_rules_on_delete": false,
            "tags": {
              "Name": "allow-mysql"
            },
            "tags_all": {
              "Name": "allow-mysql"
            },
            "timeouts": null,
            "vpc_id": "vpc-0c0409404b4662db7"
          },
          "sensitive_attributes": [],
          "private": "eyJlMmJmYjczMC1lY2FhLTExZTYtOGY4OC0zNDM2M2JjN2M0YzAiOnsiY3JlYXRlIjo2MDAwMDAwMDAwMDAsImRlbGV0ZSI6OTAwMDAwMDAwMDAwfSwic2NoZW1hX3ZlcnNpb24iOiIxIn0=",
          "dependencies": [
            "aws_vpc.web"
          ]
        }
      ]
    },
    {
      "mode": "managed",
      "type": "aws_security_group",
      "name": "web-sg",
      "provider": "provider[\"registry.terraform.io/hashicorp/aws\"]",
      "instances": [
        {
          "schema_version": 1,
          "attributes": {
            "arn": "arn:aws:ec2:ap-northeast-2:756008830886:security-group/sg-0de17528936fb979e",
            "description": "security group that allows ssh,http and all egress traffic",
            "egress": [
              {
                "cidr_blocks": [
                  "0.0.0.0/0"
                ],
                "description": "",
                "from_port": 0,
                "ipv6_cidr_blocks": [],
                "prefix_list_ids": [],
                "protocol": "-1",
                "security_groups": [],
                "self": false,
                "to_port": 0
              }
            ],
            "id": "sg-0de17528936fb979e",
            "ingress": [
              {
                "cidr_blocks": [
                  "0.0.0.0/0"
                ],
                "description": "http",
                "from_port": 80,
                "ipv6_cidr_blocks": [],
                "prefix_list_ids": [],
                "protocol": "tcp",
                "security_groups": [],
                "self": false,
                "to_port": 80
              },
              {
                "cidr_blocks": [
                  "0.0.0.0/0"
                ],
                "description": "mysql",
                "from_port": 3306,
                "ipv6_cidr_blocks": [],
                "prefix_list_ids": [],
                "protocol": "tcp",
                "security_groups": [],
                "self": false,
                "to_port": 3306
              },
              {
                "cidr_blocks": [
                  "0.0.0.0/0"
                ],
                "description": "ssh",
                "from_port": 22,
                "ipv6_cidr_blocks": [],
                "prefix_list_ids": [],
                "protocol": "tcp",
                "security_groups": [],
                "self": false,
                "to_port": 22
              }
            ],
            "name": "allow-ssh-http",
            "name_prefix": "",
            "owner_id": "756008830886",
            "revoke_rules_on_delete": false,
            "tags": {
              "Name": "allow-ssh-http"
            },
            "tags_all": {
              "Name": "allow-ssh-http"
            },
            "timeouts": null,
            "vpc_id": "vpc-0c0409404b4662db7"
          },
          "sensitive_attributes": [],
          "private": "eyJlMmJmYjczMC1lY2FhLTExZTYtOGY4OC0zNDM2M2JjN2M0YzAiOnsiY3JlYXRlIjo2MDAwMDAwMDAwMDAsImRlbGV0ZSI6OTAwMDAwMDAwMDAwfSwic2NoZW1hX3ZlcnNpb24iOiIxIn0=",
          "dependencies": [
            "aws_vpc.web"
          ]
        }
      ]
    },
    {
      "mode": "managed",
      "type": "aws_subnet",
      "name": "private-web",
      "provider": "provider[\"registry.terraform.io/hashicorp/aws\"]",
      "instances": [
        {
          "index_key": 0,
          "schema_version": 1,
          "attributes": {
            "arn": "arn:aws:ec2:ap-northeast-2:756008830886:subnet/subnet-08f89ae34cbb72100",
            "assign_ipv6_address_on_creation": false,
            "availability_zone": "ap-northeast-2a",
            "availability_zone_id": "apne2-az1",
            "cidr_block": "10.0.3.0/24",
            "customer_owned_ipv4_pool": "",
            "enable_dns64": false,
            "enable_resource_name_dns_a_record_on_launch": false,
            "enable_resource_name_dns_aaaa_record_on_launch": false,
            "id": "subnet-08f89ae34cbb72100",
            "ipv6_cidr_block": "",
            "ipv6_cidr_block_association_id": "",
            "ipv6_native": false,
            "map_customer_owned_ip_on_launch": false,
            "map_public_ip_on_launch": false,
            "outpost_arn": "",
            "owner_id": "756008830886",
            "private_dns_hostname_type_on_launch": "ip-name",
            "tags": {
              "Name": "private-web1"
            },
            "tags_all": {
              "Name": "private-web1"
            },
            "timeouts": null,
            "vpc_id": "vpc-0c0409404b4662db7"
          },
          "sensitive_attributes": [],
          "private": "eyJlMmJmYjczMC1lY2FhLTExZTYtOGY4OC0zNDM2M2JjN2M0YzAiOnsiY3JlYXRlIjo2MDAwMDAwMDAwMDAsImRlbGV0ZSI6MTIwMDAwMDAwMDAwMH0sInNjaGVtYV92ZXJzaW9uIjoiMSJ9",
          "dependencies": [
            "aws_vpc.web"
          ]
        },
        {
          "index_key": 1,
          "schema_version": 1,
          "attributes": {
            "arn": "arn:aws:ec2:ap-northeast-2:756008830886:subnet/subnet-0b9021643068f3115",
            "assign_ipv6_address_on_creation": false,
            "availability_zone": "ap-northeast-2c",
            "availability_zone_id": "apne2-az3",
            "cidr_block": "10.0.4.0/24",
            "customer_owned_ipv4_pool": "",
            "enable_dns64": false,
            "enable_resource_name_dns_a_record_on_launch": false,
            "enable_resource_name_dns_aaaa_record_on_launch": false,
            "id": "subnet-0b9021643068f3115",
            "ipv6_cidr_block": "",
            "ipv6_cidr_block_association_id": "",
            "ipv6_native": false,
            "map_customer_owned_ip_on_launch": false,
            "map_public_ip_on_launch": false,
            "outpost_arn": "",
            "owner_id": "756008830886",
            "private_dns_hostname_type_on_launch": "ip-name",
            "tags": {
              "Name": "private-web2"
            },
            "tags_all": {
              "Name": "private-web2"
            },
            "timeouts": null,
            "vpc_id": "vpc-0c0409404b4662db7"
          },
          "sensitive_attributes": [],
          "private": "eyJlMmJmYjczMC1lY2FhLTExZTYtOGY4OC0zNDM2M2JjN2M0YzAiOnsiY3JlYXRlIjo2MDAwMDAwMDAwMDAsImRlbGV0ZSI6MTIwMDAwMDAwMDAwMH0sInNjaGVtYV92ZXJzaW9uIjoiMSJ9",
          "dependencies": [
            "aws_vpc.web"
          ]
        }
      ]
    },
    {
      "mode": "managed",
      "type": "aws_subnet",
      "name": "public-web",
      "provider": "provider[\"registry.terraform.io/hashicorp/aws\"]",
      "instances": [
        {
          "index_key": 0,
          "schema_version": 1,
          "attributes": {
            "arn": "arn:aws:ec2:ap-northeast-2:756008830886:subnet/subnet-0b6719b7c839b983e",
            "assign_ipv6_address_on_creation": false,
            "availability_zone": "ap-northeast-2a",
            "availability_zone_id": "apne2-az1",
            "cidr_block": "10.0.1.0/24",
            "customer_owned_ipv4_pool": "",
            "enable_dns64": false,
            "enable_resource_name_dns_a_record_on_launch": false,
            "enable_resource_name_dns_aaaa_record_on_launch": false,
            "id": "subnet-0b6719b7c839b983e",
            "ipv6_cidr_block": "",
            "ipv6_cidr_block_association_id": "",
            "ipv6_native": false,
            "map_customer_owned_ip_on_launch": false,
            "map_public_ip_on_launch": true,
            "outpost_arn": "",
            "owner_id": "756008830886",
            "private_dns_hostname_type_on_launch": "ip-name",
            "tags": {
              "Name": "public-web1"
            },
            "tags_all": {
              "Name": "public-web1"
            },
            "timeouts": null,
            "vpc_id": "vpc-0c0409404b4662db7"
          },
          "sensitive_attributes": [],
          "private": "eyJlMmJmYjczMC1lY2FhLTExZTYtOGY4OC0zNDM2M2JjN2M0YzAiOnsiY3JlYXRlIjo2MDAwMDAwMDAwMDAsImRlbGV0ZSI6MTIwMDAwMDAwMDAwMH0sInNjaGVtYV92ZXJzaW9uIjoiMSJ9",
          "dependencies": [
            "aws_vpc.web"
          ]
        },
        {
          "index_key": 1,
          "schema_version": 1,
          "attributes": {
            "arn": "arn:aws:ec2:ap-northeast-2:756008830886:subnet/subnet-0d4f52c5a90e5d0e6",
            "assign_ipv6_address_on_creation": false,
            "availability_zone": "ap-northeast-2c",
            "availability_zone_id": "apne2-az3",
            "cidr_block": "10.0.2.0/24",
            "customer_owned_ipv4_pool": "",
            "enable_dns64": false,
            "enable_resource_name_dns_a_record_on_launch": false,
            "enable_resource_name_dns_aaaa_record_on_launch": false,
            "id": "subnet-0d4f52c5a90e5d0e6",
            "ipv6_cidr_block": "",
            "ipv6_cidr_block_association_id": "",
            "ipv6_native": false,
            "map_customer_owned_ip_on_launch": false,
            "map_public_ip_on_launch": true,
            "outpost_arn": "",
            "owner_id": "756008830886",
            "private_dns_hostname_type_on_launch": "ip-name",
            "tags": {
              "Name": "public-web2"
            },
            "tags_all": {
              "Name": "public-web2"
            },
            "timeouts": null,
            "vpc_id": "vpc-0c0409404b4662db7"
          },
          "sensitive_attributes": [],
          "private": "eyJlMmJmYjczMC1lY2FhLTExZTYtOGY4OC0zNDM2M2JjN2M0YzAiOnsiY3JlYXRlIjo2MDAwMDAwMDAwMDAsImRlbGV0ZSI6MTIwMDAwMDAwMDAwMH0sInNjaGVtYV92ZXJzaW9uIjoiMSJ9",
          "dependencies": [
            "aws_vpc.web"
          ]
        }
      ]
    },
    {
      "mode": "managed",
      "type": "aws_vpc",
      "name": "web",
      "provider": "provider[\"registry.terraform.io/hashicorp/aws\"]",
      "instances": [
        {
          "schema_version": 1,
          "attributes": {
            "arn": "arn:aws:ec2:ap-northeast-2:756008830886:vpc/vpc-0c0409404b4662db7",
            "assign_generated_ipv6_cidr_block": false,
            "cidr_block": "10.0.0.0/16",
            "default_network_acl_id": "acl-086b8942dd07cd7da",
            "default_route_table_id": "rtb-0c0e2fb623d710dfb",
            "default_security_group_id": "sg-07b1263f3286646eb",
            "dhcp_options_id": "dopt-09c88f696434c58c0",
            "enable_classiclink": false,
            "enable_classiclink_dns_support": false,
            "enable_dns_hostnames": true,
            "enable_dns_support": true,
            "id": "vpc-0c0409404b4662db7",
            "instance_tenancy": "default",
            "ipv4_ipam_pool_id": null,
            "ipv4_netmask_length": null,
            "ipv6_association_id": "",
            "ipv6_cidr_block": "",
            "ipv6_cidr_block_network_border_group": "",
            "ipv6_ipam_pool_id": "",
            "ipv6_netmask_length": 0,
            "main_route_table_id": "rtb-0c0e2fb623d710dfb",
            "owner_id": "756008830886",
            "tags": {
              "Name": "main"
            },
            "tags_all": {
              "Name": "main"
            }
          },
          "sensitive_attributes": [],
          "private": "eyJzY2hlbWFfdmVyc2lvbiI6IjEifQ=="
        }
      ]
    },
    {
      "mode": "managed",
      "type": "local_file",
      "name": "endpoint",
      "provider": "provider[\"registry.terraform.io/hashicorp/local\"]",
      "instances": [
        {
          "schema_version": 0,
          "attributes": {
            "content": "\u003c?php\n\ndefine( 'DB_NAME', \"{{ db_database.db_name }}\" );\ndefine( 'DB_USER', \"{{ db_database.db_user }}\" );\ndefine( 'DB_PASSWORD', \"{{ db_database.db_passwd }}\" );\ndefine( 'DB_HOST',  \"mysql.chjuzvlr0du6.ap-northeast-2.rds.amazonaws.com:3306\" );\ndefine( 'DB_CHARSET', 'utf8mb4' );\ndefine( 'DB_COLLATE', '' );\n\ndefine( 'AUTH_KEY',         'de!}AWi\u003cC\u003ewNEjV4X7ZT qkgE:|wgvgDK4i]s9`]pQrGTV@D8.`Ngyz4#W;bd\u003e)^' );\ndefine( 'SECURE_AUTH_KEY',  '\u0026b+\u003ctDsF\u003ebeB6-?Q$Fb2j)4vlZYJ/o,^Q9b]P#5BEk]R/Z%:bh=%#Ky}Y+@x[]vv' );\ndefine( 'LOGGED_IN_KEY',    '%K)#H#+)\u003c/-G9*6-:O4%SjI|pwgKi5yA4|xoFI\u003c s.Y;Lq:rv::]Ii`|Z9rzw,mo' );\ndefine( 'NONCE_KEY',        'kA90iI lF\u003eq`iN{;7h=L]}R6X+495Y^G# .~/OX{WjWM*3VsMfD/Agx?Vx?Xw.U_' );\ndefine( 'AUTH_SALT',        '5Ba73e$%(]F_%ze-D W10[2u9[TJse?Rq=ZDfAd\u0026O$-R5@HT(-e%-o5Hv5ZZgMbN' );\ndefine( 'SECURE_AUTH_SALT', 'cd(P@E+qnwq)_n7DiogAqIZ=_BBz~q%N|p$\u0026{N#B0Wj!\u0026\u0026:`d\u0026;t(4oBIDbParXL' );\ndefine( 'LOGGED_IN_SALT',   'ar4U \u003e)Vvr|2yEo((P[MzF(l.eznOx!k:KkO:SNL`{A_VKE:f1t|Gt{v88gB4x(H' );\ndefine( 'NONCE_SALT',       '!e)+NmDMw;\u003c[DsARlcmr-s(c.*\u0026\u003cY^ftPO$_j\u003cJsi\u003eQWP@w#Dg3 vcKk{Sc %ocz' );\n\n$table_prefix = 'wp_';\ndefine( 'WP_DEBUG', false );\nif ( ! defined( 'ABSPATH' ) ) {\n        define( 'ABSPATH', __DIR__ . '/' );\n}\nrequire_once ABSPATH . 'wp-settings.php';\n",
            "content_base64": null,
            "directory_permission": "0777",
            "file_permission": "0777",
            "filename": "roles/wordpress/templates/wp-config.j2",
            "id": "b1a18154c9536693dbad12f2bfb517020a6d119f",
            "sensitive_content": null,
            "source": null
          },
          "sensitive_attributes": [],
          "private": "bnVsbA==",
          "dependencies": [
            "aws_db_instance.mysql",
            "aws_db_parameter_group.mysql-parameters",
            "aws_db_subnet_group.mysql-subnet",
            "aws_security_group.mysql-sg",
            "aws_subnet.private-web",
            "aws_vpc.web"
          ]
        }
      ]
    }
  ]
}
